
Microsoft Visual Studio Solution File, Format Version 12.00
# Visual Studio Version 16
VisualStudioVersion = 16.0.30611.23
MinimumVisualStudioVersion = 10.0.40219.1
Project("{8BC9CEB8-8B4A-11D0-8D11-00A0C91BC942}") = "NetClient", "NetClient\NetClient.vcxproj", "{535D88CB-09FC-4187-8316-6D71F6D62F9B}"
EndProject
Project("{8BC9CEB8-8B4A-11D0-8D11-00A0C91BC942}") = "NetCommon", "NetCommon\NetCommon.vcxproj", "{497C636B-7904-4B7D-AC95-AE2482877940}"
EndProject
Project("{8BC9CEB8-8B4A-11D0-8D11-00A0C91BC942}") = "SimpleExample", "SimpleExample\SimpleExample.vcxproj", "{967A8BAB-EBCF-4EDE-AB73-D6AA36F5AD1D}"
EndProject
Global
	GlobalSection(SolutionConfigurationPlatforms) = preSolution
		Debug|x64 = Debug|x64
		Debug|x86 = Debug|x86
		Release|x64 = Release|x64
		Release|x86 = Release|x86
	EndGlobalSection
	GlobalSection(ProjectConfigurationPlatforms) = postSolution
		{535D88CB-09FC-4187-8316-6D71F6D62F9B}.Debug|x64.ActiveCfg = Debug|x64
		{535D88CB-09FC-4187-8316-6D71F6D62F9B}.Debug|x64.Build.0 = Debug|x64
		{535D88CB-09FC-4187-8316-6D71F6D62F9B}.Debug|x86.ActiveCfg = Debug|Win32
		{535D88CB-09FC-4187-8316-6D71F6D62F9B}.Debug|x86.Build.0 = Debug|Win32
		{535D88CB-09FC-4187-8316-6D71F6D62F9B}.Release|x64.ActiveCfg = Release|x64
		{535D88CB-09FC-4187-8316-6D71F6D62F9B}.Release|x64.Build.0 = Release|x64
		{535D88CB-09FC-4187-8316-6D71F6D62F9B}.Release|x86.ActiveCfg = Release|Win32
		{535D88CB-09FC-4187-8316-6D71F6D62F9B}.Release|x86.Build.0 = Release|Win32
		{497C636B-7904-4B7D-AC95-AE2482877940}.Debug|x64.ActiveCfg = Debug|x64
		{497C636B-7904-4B7D-AC95-AE2482877940}.Debug|x64.Build.0 = Debug|x64
		{497C636B-7904-4B7D-AC95-AE2482877940}.Debug|x86.ActiveCfg = Debug|Win32
		{497C636B-7904-4B7D-AC95-AE2482877940}.Debug|x86.Build.0 = Debug|Win32
		{497C636B-7904-4B7D-AC95-AE2482877940}.Release|x64.ActiveCfg = Release|x64
		{497C636B-7904-4B7D-AC95-AE2482877940}.Release|x64.Build.0 = Release|x64
		{497C636B-7904-4B7D-AC95-AE2482877940}.Release|x86.ActiveCfg = Release|Win32
		{497C636B-7904-4B7D-AC95-AE2482877940}.Release|x86.Build.0 = Release|Win32
		{967A8BAB-EBCF-4EDE-AB73-D6AA36F5AD1D}.Debug|x64.ActiveCfg = Debug|x64
		{967A8BAB-EBCF-4EDE-AB73-D6AA36F5AD1D}.Debug|x64.Build.0 = Debug|x64
		{967A8BAB-EBCF-4EDE-AB73-D6AA36F5AD1D}.Debug|x86.ActiveCfg = Debug|Win32
		{967A8BAB-EBCF-4EDE-AB73-D6AA36F5AD1D}.Debug|x86.Build.0 = Debug|Win32
		{967A8BAB-EBCF-4EDE-AB73-D6AA36F5AD1D}.Release|x64.ActiveCfg = Release|x64
		{967A8BAB-EBCF-4EDE-AB73-D6AA36F5AD1D}.Release|x64.Build.0 = Release|x64
		{967A8BAB-EBCF-4EDE-AB73-D6AA36F5AD1D}.Release|x86.ActiveCfg = Release|Win32
		{967A8BAB-EBCF-4EDE-AB73-D6AA36F5AD1D}.Release|x86.Build.0 = Release|Win32
	EndGlobalSection
	GlobalSection(SolutionProperties) = preSolution
		HideSolutionNode = FALSE
	EndGlobalSection
	GlobalSection(ExtensibilityGlobals) = postSolution
		SolutionGuid = {E3CBBEBD-7B97-4817-8184-1188DFB1F948}
	EndGlobalSection
EndGlobal
